codeberg.org/go-fonts/liberation v0.5.0 h1:SsKoMO1v1OZmzkG2DY+7ZkCL9U+rrWI09niOLfQ5Bo0=
codeberg.org/go-fonts/liberation v0.5.0/go.mod h1:zS/2e1354/mJ4pGzIIaEtm/59VFCFnYC7YV6YdGl5GU=
codeberg.org/go-latex/latex v0.2.0 h1:Ol/a6VHY06N+5gPfewswymoRb5ZcKDXWVaVegcx4hbI=
codeberg.org/go-latex/latex v0.2.0/go.mod h1:VJAwQir7/T8LZxj7xAPivISKiVOwkMpQ8bTuPQ31X0Y=
codeberg.org/go-pdf/fpdf v0.11.1 h1:U8+coOTDVLxHIXZgGvkfQEi/q0hYHYvEHFuGNX2GzGs=
codeberg.org/go-pdf/fpdf v0.11.1/go.mod h1:Y0DGRAdZ0OmnZPvjbMp/1bYxmIPxm0ws4tfoPOc4LjU=
git.sr.ht/~sbinet/gg v0.7.0 h1:YmNf7YKd7diDMTPm86hZa1EM3pbkOyD/zzjl0LZUdNM=
git.sr.ht/~sbinet/gg v0.7.0/go.mod h1:VYeli15tpMM4EvqlivlVbbyvWZlOU+EZn4XZmfBGUdM=
github.com/ajstarks/svgo v0.0.0-20211024235047-1546f124cd8b h1:slYM766cy2nI3BwyRiyQj/Ud48djTMtMebDqepE95rw=
github.com/ajstarks/svgo v0.0.0-20211024235047-1546f124cd8b/go.mod h1:1KcenG0jGWcpt8ov532z81sp/kMMUG485J2InIOyADM=
github.com/golang/freetype v0.0.0-20170609003504-e2365dfdc4a0 h1:DACJavvAHhabrF08vX0COfcOBJRhZ8lUbR+ZWIs0Y5g=
github.com/golang/freetype v0.0.0-20170609003504-e2365dfdc4a0/go.mod h1:E/TSTwGwJL78qG/PmXZO1EjYhfJinVAhrmmHX6Z8B9k=
github.com/maseology/mmaths v0.0.0-20260522005725-3155c1a1379d h1:SbE4Dz/+GX5ISN1saUIKTwAV8JyjH6rJr4LZPqb4E6Q=
github.com/maseology/mmaths v0.0.0-20260522005725-3155c1a1379d/go.mod h1:AetnUWGceRR9IBfnUmp6ygkK59Lhct47Nzw56MxZM94=
github.com/maseology/mmio v0.0.0-20251118122641-6ac9b143abed h1:ShkgBrQjf90/GGcC1x3DVEt1PYfud1W4oFt96pqaYRE=
github.com/maseology/mmio v0.0.0-20251118122641-6ac9b143abed/go.mod h1:Dxockk5bQfFsLT83cclSc5jxq5EzFpw5dA9iz/Je9Rk=
github.com/maseology/wgs84 v0.0.0-20260522001021-e82e24328a63 h1:l1hfXNzMQeSVYy90cTOCM5G3TDZ/JTKzyAt76EgjUAk=
github.com/maseology/wgs84 v0.0.0-20260522001021-e82e24328a63/go.mod h1:frYRZW6mjMQn8ETL9FDLr0/Ji4Y0tjY99jYG3vZB3yQ=
github.com/paulmach/go.geojson v1.5.0 h1:7mhpMK89SQdHFcEGomT7/LuJhwhEgfmpWYVlVmLEdQw=
github.com/paulmach/go.geojson v1.5.0/go.mod h1:DgdUy2rRVDDVgKqrjMe2vZAHMfhDTrjVKt3LmHIXGbU=
golang.org/x/image v0.30.0 h1:jD5RhkmVAnjqaCUXfbGBrn3lpxbknfN9w2UhHHU+5B4=
golang.org/x/image v0.30.0/go.mod h1:SAEUTxCCMWSrJcCy/4HwavEsfZZJlYxeHLc6tTiAe/c=
golang.org/x/text v0.28.0 h1:rhazDwis8INMIwQ4tpjLDzUhx6RlXqZNPEM0huQojng=
golang.org/x/text v0.28.0/go.mod h1:U8nCwOR8jO/marOQ0QbDiOngZVEBB7MAiitBuMjXiNU=
gonum.org/v1/gonum v0.17.0 h1:VbpOemQlsSMrYmn7T2OUvQ4dqxQXU+ouZFQsZOx50z4=
gonum.org/v1/gonum v0.17.0/go.mod h1:El3tOrEuMpv2UdMrbNlKEh9vd86bmQ6vqIcDwxEOc1E=
gonum.org/v1/plot v0.17.0 h1:d0DwPVBe9jnEGqQBoZGl/P2M9WciJbG2CnV59C9QBT4=
gonum.org/v1/plot v0.17.0/go.mod h1:ipt2GUN1oqzr2O7wCjLDtw1ShfIYYNBp4o0O1Ez5B3Y=
rsc.io/pdf v0.1.1 h1:k1MczvYDUvJBe93bYd7wrZLLUEcLZAuF824/I4e5Xr4=
rsc.io/pdf v0.1.1/go.mod h1:n8OzWcQ6Sp37PL01nO98y4iUCRdTGarVfzxY20ICaU4=
